# THIS IS AN AUTOGENERATED FILE. DO NOT EDIT THIS FILE DIRECTLY.
# yarn lockfile v1


"@angular/cdk@^16.0.3":
  version "16.0.3"
  resolved "https://registry.yarnpkg.com/@angular/cdk/-/cdk-16.0.3.tgz#b2c6dcda1f8451b86ae8de352c010fdaf2853566"
  integrity sha512-KQCKWWNiHuYmzAVSiEyVs1P+859uhlvnmUH2azoL3qUHUcvdyB+iYqv9rTVRJl4N8nOpOYrj4JP3zmvNZLsI1Q==
  dependencies:
    tslib "^2.3.0"
  optionalDependencies:
    parse5 "^7.1.2"

"@angular/material@^16.0.3":
  version "16.0.3"
  resolved "https://registry.yarnpkg.com/@angular/material/-/material-16.0.3.tgz#449bd0693bb4451a15a358631829de47184d58c4"
  integrity sha512-iK3SpYKE7V2yeN7IfiLKusdQdJyYh+AD7U+0CWlgR3ejbmBiw+FTDxxbjOVAr14qI26vTqrKFf83lOkEm6m+Hg==
  dependencies:
    "@material/animation" "15.0.0-canary.90291f2e2.0"
    "@material/auto-init" "15.0.0-canary.90291f2e2.0"
    "@material/banner" "15.0.0-canary.90291f2e2.0"
    "@material/base" "15.0.0-canary.90291f2e2.0"
    "@material/button" "15.0.0-canary.90291f2e2.0"
    "@material/card" "15.0.0-canary.90291f2e2.0"
    "@material/checkbox" "15.0.0-canary.90291f2e2.0"
    "@material/chips" "15.0.0-canary.90291f2e2.0"
    "@material/circular-progress" "15.0.0-canary.90291f2e2.0"
    "@material/data-table" "15.0.0-canary.90291f2e2.0"
    "@material/density" "15.0.0-canary.90291f2e2.0"
    "@material/dialog" "15.0.0-canary.90291f2e2.0"
    "@material/dom" "15.0.0-canary.90291f2e2.0"
    "@material/drawer" "15.0.0-canary.90291f2e2.0"
    "@material/elevation" "15.0.0-canary.90291f2e2.0"
    "@material/fab" "15.0.0-canary.90291f2e2.0"
    "@material/feature-targeting" "15.0.0-canary.90291f2e2.0"
    "@material/floating-label" "15.0.0-canary.90291f2e2.0"
    "@material/form-field" "15.0.0-canary.90291f2e2.0"
    "@material/icon-button" "15.0.0-canary.90291f2e2.0"
    "@material/image-list" "15.0.0-canary.90291f2e2.0"
    "@material/layout-grid" "15.0.0-canary.90291f2e2.0"
    "@material/line-ripple" "15.0.0-canary.90291f2e2.0"
    "@material/linear-progress" "15.0.0-canary.90291f2e2.0"
    "@material/list" "15.0.0-canary.90291f2e2.0"
    "@material/menu" "15.0.0-canary.90291f2e2.0"
    "@material/menu-surface" "15.0.0-canary.90291f2e2.0"
    "@material/notched-outline" "15.0.0-canary.90291f2e2.0"
    "@material/radio" "15.0.0-canary.90291f2e2.0"
    "@material/ripple" "15.0.0-canary.90291f2e2.0"
    "@material/rtl" "15.0.0-canary.90291f2e2.0"
    "@material/segmented-button" "15.0.0-canary.90291f2e2.0"
    "@material/select" "15.0.0-canary.90291f2e2.0"
    "@material/shape" "15.0.0-canary.90291f2e2.0"
    "@material/slider" "15.0.0-canary.90291f2e2.0"
    "@material/snackbar" "15.0.0-canary.90291f2e2.0"
    "@material/switch" "15.0.0-canary.90291f2e2.0"
    "@material/tab" "15.0.0-canary.90291f2e2.0"
    "@material/tab-bar" "15.0.0-canary.90291f2e2.0"
    "@material/tab-indicator" "15.0.0-canary.90291f2e2.0"
    "@material/tab-scroller" "15.0.0-canary.90291f2e2.0"
    "@material/textfield" "15.0.0-canary.90291f2e2.0"
    "@material/theme" "15.0.0-canary.90291f2e2.0"
    "@material/tooltip" "15.0.0-canary.90291f2e2.0"
    "@material/top-app-bar" "15.0.0-canary.90291f2e2.0"
    "@material/touch-target" "15.0.0-canary.90291f2e2.0"
    "@material/typography" "15.0.0-canary.90291f2e2.0"
    tslib "^2.3.0"

"@material/animation@15.0.0-canary.90291f2e2.0":
  version "15.0.0-canary.90291f2e2.0"
  resolved "https://registry.yarnpkg.com/@material/animation/-/animation-15.0.0-canary.90291f2e2.0.tgz#8aa34d94cf2ae83ddd129a6f90da7240eac1be21"
  integrity sha512-tr1y4KYZ2Ml9lFU9b91r5jivDCbh0N3Zv6VFe0frphztlZO5Lqx7MCxsliQ7NwQjqpXg3MkD6ZusVNvnMyo+LA==
  dependencies:
    tslib "^2.1.0"

"@material/auto-init@15.0.0-canary.90291f2e2.0":
  version "15.0.0-canary.90291f2e2.0"
  resolved "https://registry.yarnpkg.com/@material/auto-init/-/auto-init-15.0.0-canary.90291f2e2.0.tgz#77b24d23321048933ab4c26636df8c7743425c95"
  integrity sha512-ZslBlje2LajaL5d7JCxUoWCKOBOsZYT33CamqPoDeY0Cjl77t3O+8B9YPHF8libytI8j9lrrDrTItQr53PHeHw==
  dependencies:
    "@material/base" "15.0.0-canary.90291f2e2.0"
    tslib "^2.1.0"

"@material/banner@15.0.0-canary.90291f2e2.0":
  version "15.0.0-canary.90291f2e2.0"
  resolved "https://registry.yarnpkg.com/@material/banner/-/banner-15.0.0-canary.90291f2e2.0.tgz#56e763d27274f103b91f525968e90f81bd45938a"
  integrity sha512-mVtGop9rBXRD6UYkMD7y+OJwd3MA73w7BJ/oJIKFij2q2fn/5hZba6vQ6d6YGUGv+iJPP/S/HaiMQuRE5yyoqA==
  dependencies:
    "@material/base" "15.0.0-canary.90291f2e2.0"
    "@material/button" "15.0.0-canary.90291f2e2.0"
    "@material/dom" "15.0.0-canary.90291f2e2.0"
    "@material/elevation" "15.0.0-canary.90291f2e2.0"
    "@material/feature-targeting" "15.0.0-canary.90291f2e2.0"
    "@material/ripple" "15.0.0-canary.90291f2e2.0"
    "@material/rtl" "15.0.0-canary.90291f2e2.0"
    "@material/shape" "15.0.0-canary.90291f2e2.0"
    "@material/theme" "15.0.0-canary.90291f2e2.0"
    "@material/tokens" "15.0.0-canary.90291f2e2.0"
    "@material/typography" "15.0.0-canary.90291f2e2.0"
    tslib "^2.1.0"

"@material/base@15.0.0-canary.90291f2e2.0":
  version "15.0.0-canary.90291f2e2.0"
  resolved "https://registry.yarnpkg.com/@material/base/-/base-15.0.0-canary.90291f2e2.0.tgz#990dd0fe1430b525f7ca8ac5e87ef1f631dad7a9"
  integrity sha512-DNelmohDScmGvWWS/J05dkIJb/dKOVkA6s0URgPrnTFKXNSavPsmwj7hWzYB5kusz3ZrXJBYBJsE6VqkRRXl0w==
  dependencies:
    tslib "^2.1.0"

"@material/button@15.0.0-canary.90291f2e2.0":
  version "15.0.0-canary.90291f2e2.0"
  resolved "https://registry.yarnpkg.com/@material/button/-/button-15.0.0-canary.90291f2e2.0.tgz#1760fa368b3e787c8ca0a2d4133016e7c2e8bc0d"
  integrity sha512-m3YqCh33kcPGYehCKviDy7RxQIEM2m8Exo6AswPPsxd95jSN3rAeF+pXopoXW5QTOqyKHqHymTKTRYYvwvZHYg==
  dependencies:
    "@material/density" "15.0.0-canary.90291f2e2.0"
    "@material/dom" "15.0.0-canary.90291f2e2.0"
    "@material/elevation" "15.0.0-canary.90291f2e2.0"
    "@material/feature-targeting" "15.0.0-canary.90291f2e2.0"
    "@material/focus-ring" "15.0.0-canary.90291f2e2.0"
    "@material/ripple" "15.0.0-canary.90291f2e2.0"
    "@material/rtl" "15.0.0-canary.90291f2e2.0"
    "@material/shape" "15.0.0-canary.90291f2e2.0"
    "@material/theme" "15.0.0-canary.90291f2e2.0"
    "@material/tokens" "15.0.0-canary.90291f2e2.0"
    "@material/touch-target" "15.0.0-canary.90291f2e2.0"
    "@material/typography" "15.0.0-canary.90291f2e2.0"
    tslib "^2.1.0"

"@material/card@15.0.0-canary.90291f2e2.0":
  version "15.0.0-canary.90291f2e2.0"
  resolved "https://registry.yarnpkg.com/@material/card/-/card-15.0.0-canary.90291f2e2.0.tgz#0a6d158d454db460c3394848519cd64210ec1d75"
  integrity sha512-8Z8KQDmEIwt5IK0n+9C9Be9p4mWLKBXILbH+c6XcMCTemmUxH6cTTax1MwuAmqBGuIq3WE3g7qDpdzjFLTC2kw==
  dependencies:
    "@material/dom" "15.0.0-canary.90291f2e2.0"
    "@material/elevation" "15.0.0-canary.90291f2e2.0"
    "@material/feature-targeting" "15.0.0-canary.90291f2e2.0"
    "@material/ripple" "15.0.0-canary.90291f2e2.0"
    "@material/rtl" "15.0.0-canary.90291f2e2.0"
    "@material/shape" "15.0.0-canary.90291f2e2.0"
    "@material/theme" "15.0.0-canary.90291f2e2.0"
    "@material/tokens" "15.0.0-canary.90291f2e2.0"
    tslib "^2.1.0"

"@material/checkbox@15.0.0-canary.90291f2e2.0":
  version "15.0.0-canary.90291f2e2.0"
  resolved "https://registry.yarnpkg.com/@material/checkbox/-/checkbox-15.0.0-canary.90291f2e2.0.tgz#eed9769724c900e04575548f6f70941d83cc48b6"
  integrity sha512-hCilHX0vLedMgeRSOskf+JjdfLIUvEg597LEkTJHnTtJkhwypvol8OwP3eqz3TyJ3qGimIi/sFPKdMBn1Uk4AQ==
  dependencies:
    "@material/animation" "15.0.0-canary.90291f2e2.0"
    "@material/base" "15.0.0-canary.90291f2e2.0"
    "@material/density" "15.0.0-canary.90291f2e2.0"
    "@material/dom" "15.0.0-canary.90291f2e2.0"
    "@material/feature-targeting" "15.0.0-canary.90291f2e2.0"
    "@material/focus-ring" "15.0.0-canary.90291f2e2.0"
    "@material/ripple" "15.0.0-canary.90291f2e2.0"
    "@material/rtl" "15.0.0-canary.90291f2e2.0"
    "@material/theme" "15.0.0-canary.90291f2e2.0"
    "@material/touch-target" "15.0.0-canary.90291f2e2.0"
    tslib "^2.1.0"

"@material/chips@15.0.0-canary.90291f2e2.0":
  version "15.0.0-canary.90291f2e2.0"
  resolved "https://registry.yarnpkg.com/@material/chips/-/chips-15.0.0-canary.90291f2e2.0.tgz#5d23511970f199b7c324aaffe111e4fa89e7bb26"
  integrity sha512-TMtlzuadWP/YMRYg8mpqmaD9M9GzRL5ulHHgYO5F4kaZmI3L+3zvaPvUme/x5qwPkIJUO9S21NxxGAsp9X+ZJQ==
  dependencies:
    "@material/animation" "15.0.0-canary.90291f2e2.0"
    "@material/base" "15.0.0-canary.90291f2e2.0"
    "@material/checkbox" "15.0.0-canary.90291f2e2.0"
    "@material/density" "15.0.0-canary.90291f2e2.0"
    "@material/dom" "15.0.0-canary.90291f2e2.0"
    "@material/elevation" "15.0.0-canary.90291f2e2.0"
    "@material/feature-targeting" "15.0.0-canary.90291f2e2.0"
    "@material/focus-ring" "15.0.0-canary.90291f2e2.0"
    "@material/ripple" "15.0.0-canary.90291f2e2.0"
    "@material/rtl" "15.0.0-canary.90291f2e2.0"
    "@material/shape" "15.0.0-canary.90291f2e2.0"
    "@material/theme" "15.0.0-canary.90291f2e2.0"
    "@material/tokens" "15.0.0-canary.90291f2e2.0"
    "@material/touch-target" "15.0.0-canary.90291f2e2.0"
    "@material/typography" "15.0.0-canary.90291f2e2.0"
    safevalues "^0.3.4"
    tslib "^2.1.0"

"@material/circular-progress@15.0.0-canary.90291f2e2.0":
  version "15.0.0-canary.90291f2e2.0"
  resolved "https://registry.yarnpkg.com/@material/circular-progress/-/circular-progress-15.0.0-canary.90291f2e2.0.tgz#4ee13c694b7e8c48e0ff3d0bb06b7b07a9498e10"
  integrity sha512-znCz3cXC8rmC+1k1ZEeZNOhngm7O7kVG2PoANaE79NN9taDtCTyBGGeocJ4Kza3tb01vxJ2/tuQXC39GNFkHFg==
  dependencies:
    "@material/animation" "15.0.0-canary.90291f2e2.0"
    "@material/base" "15.0.0-canary.90291f2e2.0"
    "@material/dom" "15.0.0-canary.90291f2e2.0"
    "@material/feature-targeting" "15.0.0-canary.90291f2e2.0"
    "@material/progress-indicator" "15.0.0-canary.90291f2e2.0"
    "@material/rtl" "15.0.0-canary.90291f2e2.0"
    "@material/theme" "15.0.0-canary.90291f2e2.0"
    tslib "^2.1.0"

"@material/data-table@15.0.0-canary.90291f2e2.0":
  version "15.0.0-canary.90291f2e2.0"
  resolved "https://registry.yarnpkg.com/@material/data-table/-/data-table-15.0.0-canary.90291f2e2.0.tgz#933974e042083b77ddd387a644dc10923c7479b7"
  integrity sha512-9YU6KkOeKs2ARPXZdg7Cv6nPwLkEyBIN331ZB92apcbQpTMJMhR3uuW8SSw4p7aXCE6CJjREsCc0KuYAnFSa2A==
  dependencies:
    "@material/animation" "15.0.0-canary.90291f2e2.0"
    "@material/base" "15.0.0-canary.90291f2e2.0"
    "@material/checkbox" "15.0.0-canary.90291f2e2.0"
    "@material/density" "15.0.0-canary.90291f2e2.0"
    "@material/dom" "15.0.0-canary.90291f2e2.0"
    "@material/elevation" "15.0.0-canary.90291f2e2.0"
    "@material/feature-targeting" "15.0.0-canary.90291f2e2.0"
    "@material/icon-button" "15.0.0-canary.90291f2e2.0"
    "@material/linear-progress" "15.0.0-canary.90291f2e2.0"
    "@material/list" "15.0.0-canary.90291f2e2.0"
    "@material/menu" "15.0.0-canary.90291f2e2.0"
    "@material/rtl" "15.0.0-canary.90291f2e2.0"
    "@material/select" "15.0.0-canary.90291f2e2.0"
    "@material/shape" "15.0.0-canary.90291f2e2.0"
    "@material/theme" "15.0.0-canary.90291f2e2.0"
    "@material/tokens" "15.0.0-canary.90291f2e2.0"
    "@material/touch-target" "15.0.0-canary.90291f2e2.0"
    "@material/typography" "15.0.0-canary.90291f2e2.0"
    tslib "^2.1.0"

"@material/density@15.0.0-canary.90291f2e2.0":
  version "15.0.0-canary.90291f2e2.0"
  resolved "https://registry.yarnpkg.com/@material/density/-/density-15.0.0-canary.90291f2e2.0.tgz#53adb147bb543c934aab9c5b262c016c1896404c"
  integrity sha512-z2L49vc5tbIGe7tUHwbmzoPvOugsTNVP24WWwBwtg9PRuK4Td5HIsMGYqSzSuwFJvDWQK9Ugvl37jGZSv4vxog==
  dependencies:
    tslib "^2.1.0"

"@material/dialog@15.0.0-canary.90291f2e2.0":
  version "15.0.0-canary.90291f2e2.0"
  resolved "https://registry.yarnpkg.com/@material/dialog/-/dialog-15.0.0-canary.90291f2e2.0.tgz#b09cf6645e1f3da0b4b5f42f22f6f877d983f1f3"
  integrity sha512-n0o4MELpVqJHbJDPBYeXf3xeL9a8hbzHmfXYLDI1MUhDIr4xgSkckKdCRc2IFda/g7kxjAgcUTga9EFWqns2qA==
  dependencies:
    "@material/animation" "15.0.0-canary.90291f2e2.0"
    "@material/base" "15.0.0-canary.90291f2e2.0"
    "@material/button" "15.0.0-canary.90291f2e2.0"
    "@material/dom" "15.0.0-canary.90291f2e2.0"
    "@material/elevation" "15.0.0-canary.90291f2e2.0"
    "@material/feature-targeting" "15.0.0-canary.90291f2e2.0"
    "@material/icon-button" "15.0.0-canary.90291f2e2.0"
    "@material/ripple" "15.0.0-canary.90291f2e2.0"
    "@material/rtl" "15.0.0-canary.90291f2e2.0"
    "@material/shape" "15.0.0-canary.90291f2e2.0"
    "@material/theme" "15.0.0-canary.90291f2e2.0"
    "@material/tokens" "15.0.0-canary.90291f2e2.0"
    "@material/touch-target" "15.0.0-canary.90291f2e2.0"
    "@material/typography" "15.0.0-canary.90291f2e2.0"
    tslib "^2.1.0"

"@material/dom@15.0.0-canary.90291f2e2.0":
  version "15.0.0-canary.90291f2e2.0"
  resolved "https://registry.yarnpkg.com/@material/dom/-/dom-15.0.0-canary.90291f2e2.0.tgz#1acc7e04a296df47156df2476e47140d87825295"
  integrity sha512-90JKk/Ncnqn2dKopNxs1uruiiQZzgLTZQF3a8jxa/w3RQd3Ac9ET1KqmaJSfzXaxgebm+1RZfL9lL+ANEfLWwQ==
  dependencies:
    "@material/feature-targeting" "15.0.0-canary.90291f2e2.0"
    "@material/rtl" "15.0.0-canary.90291f2e2.0"
    tslib "^2.1.0"

"@material/drawer@15.0.0-canary.90291f2e2.0":
  version "15.0.0-canary.90291f2e2.0"
  resolved "https://registry.yarnpkg.com/@material/drawer/-/drawer-15.0.0-canary.90291f2e2.0.tgz#98945fe42780050262826f971b4b7eb4991a4109"
  integrity sha512-7MJbjUxqpQG9J52xWGVKRhSI/0/7Uhf7l2P9VI2WFb5Fz0IeUupXlw2k1Ktb97nxSjMe9OazjtVUgzBNwOad/Q==
  dependencies:
    "@material/animation" "15.0.0-canary.90291f2e2.0"
    "@material/base" "15.0.0-canary.90291f2e2.0"
    "@material/dom" "15.0.0-canary.90291f2e2.0"
    "@material/elevation" "15.0.0-canary.90291f2e2.0"
    "@material/feature-targeting" "15.0.0-canary.90291f2e2.0"
    "@material/list" "15.0.0-canary.90291f2e2.0"
    "@material/ripple" "15.0.0-canary.90291f2e2.0"
    "@material/rtl" "15.0.0-canary.90291f2e2.0"
    "@material/shape" "15.0.0-canary.90291f2e2.0"
    "@material/theme" "15.0.0-canary.90291f2e2.0"
    "@material/typography" "15.0.0-canary.90291f2e2.0"
    tslib "^2.1.0"

"@material/elevation@15.0.0-canary.90291f2e2.0":
  version "15.0.0-canary.90291f2e2.0"
  resolved "https://registry.yarnpkg.com/@material/elevation/-/elevation-15.0.0-canary.90291f2e2.0.tgz#a5ddbabe5ded74b01d98536b57870b5fe5436e5e"
  integrity sha512-4eYbCDc6IfgfguNmRc5GT4QMCfOEwj+K3BAraABcbpuCzEQ5nCClsVrPbRLfPnhWbQrFc2/eBglB8wsrNTjVBw==
  dependencies:
    "@material/animation" "15.0.0-canary.90291f2e2.0"
    "@material/base" "15.0.0-canary.90291f2e2.0"
    "@material/feature-targeting" "15.0.0-canary.90291f2e2.0"
    "@material/rtl" "15.0.0-canary.90291f2e2.0"
    "@material/theme" "15.0.0-canary.90291f2e2.0"
    tslib "^2.1.0"

"@material/fab@15.0.0-canary.90291f2e2.0":
  version "15.0.0-canary.90291f2e2.0"
  resolved "https://registry.yarnpkg.com/@material/fab/-/fab-15.0.0-canary.90291f2e2.0.tgz#7b8e171f8c50a24d97757d23fbd083e610b90f8d"
  integrity sha512-YJuJRdqe57DnJ4qyc04flknuGeN+7Nc9ciFZE6snPn84wD6J1khscb21yRARbALDki18kbfnJNrNbzHkYaEMZg==
  dependencies:
    "@material/animation" "15.0.0-canary.90291f2e2.0"
    "@material/dom" "15.0.0-canary.90291f2e2.0"
    "@material/elevation" "15.0.0-canary.90291f2e2.0"
    "@material/feature-targeting" "15.0.0-canary.90291f2e2.0"
    "@material/focus-ring" "15.0.0-canary.90291f2e2.0"
    "@material/ripple" "15.0.0-canary.90291f2e2.0"
    "@material/rtl" "15.0.0-canary.90291f2e2.0"
    "@material/shape" "15.0.0-canary.90291f2e2.0"
    "@material/theme" "15.0.0-canary.90291f2e2.0"
    "@material/tokens" "15.0.0-canary.90291f2e2.0"
    "@material/touch-target" "15.0.0-canary.90291f2e2.0"
    "@material/typography" "15.0.0-canary.90291f2e2.0"
    tslib "^2.1.0"

"@material/feature-targeting@15.0.0-canary.90291f2e2.0":
  version "15.0.0-canary.90291f2e2.0"
  resolved "https://registry.yarnpkg.com/@material/feature-targeting/-/feature-targeting-15.0.0-canary.90291f2e2.0.tgz#09648a950b057f2942c7b4798d0baadb20150629"
  integrity sha512-mjUemPnMLXPooDcPHxxc2uhVUzm7X3NDsE0x0QJnsHDwuejakaRLghVcRDX3x1VmL/p52Eu5HrgW2FryFEiVhQ==
  dependencies:
    tslib "^2.1.0"

"@material/floating-label@15.0.0-canary.90291f2e2.0":
  version "15.0.0-canary.90291f2e2.0"
  resolved "https://registry.yarnpkg.com/@material/floating-label/-/floating-label-15.0.0-canary.90291f2e2.0.tgz#a70176a2d99041b5bf0050639c724b9897f07164"
  integrity sha512-dYtgNlXkO0H9Vn76oESZZg1KOa2XIOLhVxhV/qPYrhntET534i7TyajmVk54ncuSSoLPZrbrwrhhR2fUJWxZIg==
  dependencies:
    "@material/animation" "15.0.0-canary.90291f2e2.0"
    "@material/base" "15.0.0-canary.90291f2e2.0"
    "@material/dom" "15.0.0-canary.90291f2e2.0"
    "@material/feature-targeting" "15.0.0-canary.90291f2e2.0"
    "@material/rtl" "15.0.0-canary.90291f2e2.0"
    "@material/theme" "15.0.0-canary.90291f2e2.0"
    "@material/typography" "15.0.0-canary.90291f2e2.0"
    tslib "^2.1.0"

"@material/focus-ring@15.0.0-canary.90291f2e2.0":
  version "15.0.0-canary.90291f2e2.0"
  resolved "https://registry.yarnpkg.com/@material/focus-ring/-/focus-ring-15.0.0-canary.90291f2e2.0.tgz#ea78df98df1843d3bc196f533502b55cd09f2fb6"
  integrity sha512-U7ERDgHi33ZRmqsiO6syFaWsCUGneltX2sYVtLpQnxME7pKFzi22GdUUIslhgHOFjSMBFF9av2Y79VFbyj9BaQ==
  dependencies:
    "@material/dom" "15.0.0-canary.90291f2e2.0"
    "@material/feature-targeting" "15.0.0-canary.90291f2e2.0"
    "@material/rtl" "15.0.0-canary.90291f2e2.0"

"@material/form-field@15.0.0-canary.90291f2e2.0":
  version "15.0.0-canary.90291f2e2.0"
  resolved "https://registry.yarnpkg.com/@material/form-field/-/form-field-15.0.0-canary.90291f2e2.0.tgz#7e4b26968b1c0b886f9bdca2fd126e6073177575"
  integrity sha512-KTj+EOobLcPUYy4nR+t0c2Cjvs7jCI4F1w8XuV0bbmSa6Sxh02tMKY2Xa7Lx55A/uUrsUfViMdP60OLzi7HgjQ==
  dependencies:
    "@material/base" "15.0.0-canary.90291f2e2.0"
    "@material/feature-targeting" "15.0.0-canary.90291f2e2.0"
    "@material/ripple" "15.0.0-canary.90291f2e2.0"
    "@material/rtl" "15.0.0-canary.90291f2e2.0"
    "@material/theme" "15.0.0-canary.90291f2e2.0"
    "@material/typography" "15.0.0-canary.90291f2e2.0"
    tslib "^2.1.0"

"@material/icon-button@15.0.0-canary.90291f2e2.0":
  version "15.0.0-canary.90291f2e2.0"
  resolved "https://registry.yarnpkg.com/@material/icon-button/-/icon-button-15.0.0-canary.90291f2e2.0.tgz#1057b6bb24ffa116beaf87660285c61842d2f401"
  integrity sha512-bpqiVPkf/LJEP7iIV5VL9Th0chCIQKTeOuw0mK8HmYucuvqq+k76oPsUcE7mvxRvuKyVh6KJ9fTHAkjse0y7cg==
  dependencies:
    "@material/base" "15.0.0-canary.90291f2e2.0"
    "@material/density" "15.0.0-canary.90291f2e2.0"
    "@material/dom" "15.0.0-canary.90291f2e2.0"
    "@material/elevation" "15.0.0-canary.90291f2e2.0"
    "@material/feature-targeting" "15.0.0-canary.90291f2e2.0"
    "@material/focus-ring" "15.0.0-canary.90291f2e2.0"
    "@material/ripple" "15.0.0-canary.90291f2e2.0"
    "@material/rtl" "15.0.0-canary.90291f2e2.0"
    "@material/theme" "15.0.0-canary.90291f2e2.0"
    "@material/touch-target" "15.0.0-canary.90291f2e2.0"
    tslib "^2.1.0"

"@material/image-list@15.0.0-canary.90291f2e2.0":
  version "15.0.0-canary.90291f2e2.0"
  resolved "https://registry.yarnpkg.com/@material/image-list/-/image-list-15.0.0-canary.90291f2e2.0.tgz#f559322e406f3646cff1efe200203eb5ed7bbfca"
  integrity sha512-JobM4lWsf9grgbqrLuUtJ5fr8BkG02r9c2oFMl5++dtjtLdXWnUIWbiofna8CeqDFQCKXsCk4Jw8ydSKZvj/3A==
  dependencies:
    "@material/feature-targeting" "15.0.0-canary.90291f2e2.0"
    "@material/shape" "15.0.0-canary.90291f2e2.0"
    "@material/theme" "15.0.0-canary.90291f2e2.0"
    "@material/typography" "15.0.0-canary.90291f2e2.0"
    tslib "^2.1.0"

"@material/layout-grid@15.0.0-canary.90291f2e2.0":
  version "15.0.0-canary.90291f2e2.0"
  resolved "https://registry.yarnpkg.com/@material/layout-grid/-/layout-grid-15.0.0-canary.90291f2e2.0.tgz#e299c524b4253b85c91ca7f6fefa0958ce08a4d6"
  integrity sha512-f5DSHGf1ka6vHu+8VoTvcU9NkR8fdN2wHmPnITZHQXPVvR6SKoyDzdAf2gacmiTYy69ZFmmJeMcdfNnbcPPUJw==
  dependencies:
    tslib "^2.1.0"

"@material/line-ripple@15.0.0-canary.90291f2e2.0":
  version "15.0.0-canary.90291f2e2.0"
  resolved "https://registry.yarnpkg.com/@material/line-ripple/-/line-ripple-15.0.0-canary.90291f2e2.0.tgz#563b789ed5932e615df40029bc8d063f84489241"
  integrity sha512-cWpS7l/pFg6cUzL7Lx3ywF6RYF6ESYPkiGlDo9kFERv8lVA2/3m4NF4d9b4kC9h9OWx1b1CaUFRFGD07okgI+g==
  dependencies:
    "@material/animation" "15.0.0-canary.90291f2e2.0"
    "@material/base" "15.0.0-canary.90291f2e2.0"
    "@material/feature-targeting" "15.0.0-canary.90291f2e2.0"
    "@material/theme" "15.0.0-canary.90291f2e2.0"
    tslib "^2.1.0"

"@material/linear-progress@15.0.0-canary.90291f2e2.0":
  version "15.0.0-canary.90291f2e2.0"
  resolved "https://registry.yarnpkg.com/@material/linear-progress/-/linear-progress-15.0.0-canary.90291f2e2.0.tgz#62236614141f0716ed7909e9a4a86ee53aceff68"
  integrity sha512-nK5RYn8NFZi/+fznLYoEdY6tSzXiJqOU0tX5by7hStURhP2g/RM5SQaJwyjEmHdorfCUIStgmKsN4rB5aMnxdw==
  dependencies:
    "@material/animation" "15.0.0-canary.90291f2e2.0"
    "@material/base" "15.0.0-canary.90291f2e2.0"
    "@material/dom" "15.0.0-canary.90291f2e2.0"
    "@material/feature-targeting" "15.0.0-canary.90291f2e2.0"
    "@material/progress-indicator" "15.0.0-canary.90291f2e2.0"
    "@material/rtl" "15.0.0-canary.90291f2e2.0"
    "@material/theme" "15.0.0-canary.90291f2e2.0"
    tslib "^2.1.0"

"@material/list@15.0.0-canary.90291f2e2.0":
  version "15.0.0-canary.90291f2e2.0"
  resolved "https://registry.yarnpkg.com/@material/list/-/list-15.0.0-canary.90291f2e2.0.tgz#94e92d345d5cc6977775f0acf3516fb54f2a46de"
  integrity sha512-h2c6G5aPH1bhgl2yBYAW4y86pl+yVl3YdqU0ixemQ5/2uB/t92imUbI+gKH5LzlbuJKenk3rZJ5eaV+t5zTS1A==
  dependencies:
    "@material/base" "15.0.0-canary.90291f2e2.0"
    "@material/density" "15.0.0-canary.90291f2e2.0"
    "@material/dom" "15.0.0-canary.90291f2e2.0"
    "@material/feature-targeting" "15.0.0-canary.90291f2e2.0"
    "@material/ripple" "15.0.0-canary.90291f2e2.0"
    "@material/rtl" "15.0.0-canary.90291f2e2.0"
    "@material/shape" "15.0.0-canary.90291f2e2.0"
    "@material/theme" "15.0.0-canary.90291f2e2.0"
    "@material/tokens" "15.0.0-canary.90291f2e2.0"
    "@material/typography" "15.0.0-canary.90291f2e2.0"
    tslib "^2.1.0"

"@material/menu-surface@15.0.0-canary.90291f2e2.0":
  version "15.0.0-canary.90291f2e2.0"
  resolved "https://registry.yarnpkg.com/@material/menu-surface/-/menu-surface-15.0.0-canary.90291f2e2.0.tgz#629cc83b7ef9edb32c05062bd7904d692808b08a"
  integrity sha512-AkRpOjFOJi2ROZPvFo1z8ik61eEyJEew8NuvlzCE4S3BX/RNFrYVh4W5ylo030S01ALCS5zhVOeekxa/4eokZA==
  dependencies:
    "@material/animation" "15.0.0-canary.90291f2e2.0"
    "@material/base" "15.0.0-canary.90291f2e2.0"
    "@material/elevation" "15.0.0-canary.90291f2e2.0"
    "@material/feature-targeting" "15.0.0-canary.90291f2e2.0"
    "@material/rtl" "15.0.0-canary.90291f2e2.0"
    "@material/shape" "15.0.0-canary.90291f2e2.0"
    "@material/theme" "15.0.0-canary.90291f2e2.0"
    tslib "^2.1.0"

"@material/menu@15.0.0-canary.90291f2e2.0":
  version "15.0.0-canary.90291f2e2.0"
  resolved "https://registry.yarnpkg.com/@material/menu/-/menu-15.0.0-canary.90291f2e2.0.tgz#eb54c06471afcef2fcbd6bfe941a13975d6a4ab0"
  integrity sha512-yfpBN4Hg59pHMNplh2LIe8t+/qsfyP0iRAtJoCK90SBwX43kv65u22+3vEJmYzm3Ey/m3S3YRFXTFQRQnn9cmA==
  dependencies:
    "@material/base" "15.0.0-canary.90291f2e2.0"
    "@material/dom" "15.0.0-canary.90291f2e2.0"
    "@material/elevation" "15.0.0-canary.90291f2e2.0"
    "@material/feature-targeting" "15.0.0-canary.90291f2e2.0"
    "@material/list" "15.0.0-canary.90291f2e2.0"
    "@material/menu-surface" "15.0.0-canary.90291f2e2.0"
    "@material/ripple" "15.0.0-canary.90291f2e2.0"
    "@material/rtl" "15.0.0-canary.90291f2e2.0"
    "@material/shape" "15.0.0-canary.90291f2e2.0"
    "@material/theme" "15.0.0-canary.90291f2e2.0"
    "@material/tokens" "15.0.0-canary.90291f2e2.0"
    tslib "^2.1.0"

"@material/notched-outline@15.0.0-canary.90291f2e2.0":
  version "15.0.0-canary.90291f2e2.0"
  resolved "https://registry.yarnpkg.com/@material/notched-outline/-/notched-outline-15.0.0-canary.90291f2e2.0.tgz#38d0786ece832ea198810122c899e7e271b63b03"
  integrity sha512-4lpoIoFJ8cb++M1iQpZ+8iypUuTruzyBAkOvoaNjk7EftEV+aS3K6XntGNtlUZoB/fFho3mAUVjT19IHFWD03A==
  dependencies:
    "@material/base" "15.0.0-canary.90291f2e2.0"
    "@material/feature-targeting" "15.0.0-canary.90291f2e2.0"
    "@material/floating-label" "15.0.0-canary.90291f2e2.0"
    "@material/rtl" "15.0.0-canary.90291f2e2.0"
    "@material/shape" "15.0.0-canary.90291f2e2.0"
    "@material/theme" "15.0.0-canary.90291f2e2.0"
    tslib "^2.1.0"

"@material/progress-indicator@15.0.0-canary.90291f2e2.0":
  version "15.0.0-canary.90291f2e2.0"
  resolved "https://registry.yarnpkg.com/@material/progress-indicator/-/progress-indicator-15.0.0-canary.90291f2e2.0.tgz#f2da666a7eb48588f07328450c0b029a99370f4b"
  integrity sha512-trQLSstZIA0C64adW/HycycD+PtMfg6iZCIVuTNlZr7PR2Yc1EjuGyA7ts+iXBHZ0TxVshRbDYMwcDogP0rc1w==
  dependencies:
    tslib "^2.1.0"

"@material/radio@15.0.0-canary.90291f2e2.0":
  version "15.0.0-canary.90291f2e2.0"
  resolved "https://registry.yarnpkg.com/@material/radio/-/radio-15.0.0-canary.90291f2e2.0.tgz#6df684cb4e78ef3bfe8c7628b2694f31217cadc9"
  integrity sha512-Ypl4BZ9w1NdbiiEUV3Xw2pb97prMPGEE+5Lm719sVsaFmI4yCKgtsWNEbCbKixborh2ZDZWGCzgMyUQHf3a8xA==
  dependencies:
    "@material/animation" "15.0.0-canary.90291f2e2.0"
    "@material/base" "15.0.0-canary.90291f2e2.0"
    "@material/density" "15.0.0-canary.90291f2e2.0"
    "@material/dom" "15.0.0-canary.90291f2e2.0"
    "@material/feature-targeting" "15.0.0-canary.90291f2e2.0"
    "@material/focus-ring" "15.0.0-canary.90291f2e2.0"
    "@material/ripple" "15.0.0-canary.90291f2e2.0"
    "@material/theme" "15.0.0-canary.90291f2e2.0"
    "@material/touch-target" "15.0.0-canary.90291f2e2.0"
    tslib "^2.1.0"

"@material/ripple@15.0.0-canary.90291f2e2.0":
  version "15.0.0-canary.90291f2e2.0"
  resolved "https://registry.yarnpkg.com/@material/ripple/-/ripple-15.0.0-canary.90291f2e2.0.tgz#35aca110e633f98360d458b39b86d110c8df250b"
  integrity sha512-8yCR/V+7SJ9om0cvAOULF/i5+gPQeT+cuPoCZJQRWq9IndfCmQPY3Zmy26reIT/zEyCebAvMG4/WtU4rc+jxyw==
  dependencies:
    "@material/animation" "15.0.0-canary.90291f2e2.0"
    "@material/base" "15.0.0-canary.90291f2e2.0"
    "@material/dom" "15.0.0-canary.90291f2e2.0"
    "@material/feature-targeting" "15.0.0-canary.90291f2e2.0"
    "@material/rtl" "15.0.0-canary.90291f2e2.0"
    "@material/theme" "15.0.0-canary.90291f2e2.0"
    tslib "^2.1.0"

"@material/rtl@15.0.0-canary.90291f2e2.0":
  version "15.0.0-canary.90291f2e2.0"
  resolved "https://registry.yarnpkg.com/@material/rtl/-/rtl-15.0.0-canary.90291f2e2.0.tgz#2ca12b28e44e13fbb2367b1d89207b53ed6b87bc"
  integrity sha512-HkUhD8K03BxWVw21WDViWo01Chi22cZ1rmlsdCtggkxdVjtDhTbYm/3XvRnxt4RVpr6KaYQgRXI/52T5RtBUnw==
  dependencies:
    "@material/theme" "15.0.0-canary.90291f2e2.0"
    tslib "^2.1.0"

"@material/segmented-button@15.0.0-canary.90291f2e2.0":
  version "15.0.0-canary.90291f2e2.0"
  resolved "https://registry.yarnpkg.com/@material/segmented-button/-/segmented-button-15.0.0-canary.90291f2e2.0.tgz#04659894c2206759f110e1261b7b446865593618"
  integrity sha512-u1DF+jbysX6wCqt7dDnHgEo2XhNrwkqHq6YsMOFVCoo54PHt3gpwhD89DONqQJKspkdvZuxYHzpqRtV0GIzYDQ==
  dependencies:
    "@material/base" "15.0.0-canary.90291f2e2.0"
    "@material/elevation" "15.0.0-canary.90291f2e2.0"
    "@material/feature-targeting" "15.0.0-canary.90291f2e2.0"
    "@material/ripple" "15.0.0-canary.90291f2e2.0"
    "@material/theme" "15.0.0-canary.90291f2e2.0"
    "@material/touch-target" "15.0.0-canary.90291f2e2.0"
    "@material/typography" "15.0.0-canary.90291f2e2.0"
    tslib "^2.1.0"

"@material/select@15.0.0-canary.90291f2e2.0":
  version "15.0.0-canary.90291f2e2.0"
  resolved "https://registry.yarnpkg.com/@material/select/-/select-15.0.0-canary.90291f2e2.0.tgz#f8de4f671dcc2ca14fa3269ffdedd63b7a29b5e2"
  integrity sha512-CCaftyi3eIJl2XqBfHbzj8W2jgTMBzSM2+q4WthA+7z0fYQI4JIHQVHO5YKQG5J9MR1VjYQ0Gy0GNotZLAcoOQ==
  dependencies:
    "@material/animation" "15.0.0-canary.90291f2e2.0"
    "@material/base" "15.0.0-canary.90291f2e2.0"
    "@material/density" "15.0.0-canary.90291f2e2.0"
    "@material/dom" "15.0.0-canary.90291f2e2.0"
    "@material/elevation" "15.0.0-canary.90291f2e2.0"
    "@material/feature-targeting" "15.0.0-canary.90291f2e2.0"
    "@material/floating-label" "15.0.0-canary.90291f2e2.0"
    "@material/line-ripple" "15.0.0-canary.90291f2e2.0"
    "@material/list" "15.0.0-canary.90291f2e2.0"
    "@material/menu" "15.0.0-canary.90291f2e2.0"
    "@material/menu-surface" "15.0.0-canary.90291f2e2.0"
    "@material/notched-outline" "15.0.0-canary.90291f2e2.0"
    "@material/ripple" "15.0.0-canary.90291f2e2.0"
    "@material/rtl" "15.0.0-canary.90291f2e2.0"
    "@material/shape" "15.0.0-canary.90291f2e2.0"
    "@material/theme" "15.0.0-canary.90291f2e2.0"
    "@material/tokens" "15.0.0-canary.90291f2e2.0"
    "@material/typography" "15.0.0-canary.90291f2e2.0"
    tslib "^2.1.0"

"@material/shape@15.0.0-canary.90291f2e2.0":
  version "15.0.0-canary.90291f2e2.0"
  resolved "https://registry.yarnpkg.com/@material/shape/-/shape-15.0.0-canary.90291f2e2.0.tgz#c98da35d7a2c343d44decdd199dd1fad114fc8f4"
  integrity sha512-UEB168x8ovLvH4eoBtRnoCT9QvnxB/ZMpOKW1+C+xWisis6Wy9AX0wKT5T6wIpffYYCaBJuhI+ExX2134rAxJw==
  dependencies:
    "@material/feature-targeting" "15.0.0-canary.90291f2e2.0"
    "@material/rtl" "15.0.0-canary.90291f2e2.0"
    "@material/theme" "15.0.0-canary.90291f2e2.0"
    tslib "^2.1.0"

"@material/slider@15.0.0-canary.90291f2e2.0":
  version "15.0.0-canary.90291f2e2.0"
  resolved "https://registry.yarnpkg.com/@material/slider/-/slider-15.0.0-canary.90291f2e2.0.tgz#7b1a5a41e98615e7f187ea766c139b99a77a5151"
  integrity sha512-krbdGHcROlvnZ0X7HT0d+PvJummczeShQeWeV/ZezXnQM7bQoy86qfwtX4ai1dIXYkF9qKTFlta2zZezTJyf5g==
  dependencies:
    "@material/animation" "15.0.0-canary.90291f2e2.0"
    "@material/base" "15.0.0-canary.90291f2e2.0"
    "@material/dom" "15.0.0-canary.90291f2e2.0"
    "@material/elevation" "15.0.0-canary.90291f2e2.0"
    "@material/feature-targeting" "15.0.0-canary.90291f2e2.0"
    "@material/ripple" "15.0.0-canary.90291f2e2.0"
    "@material/rtl" "15.0.0-canary.90291f2e2.0"
    "@material/theme" "15.0.0-canary.90291f2e2.0"
    "@material/tokens" "15.0.0-canary.90291f2e2.0"
    "@material/typography" "15.0.0-canary.90291f2e2.0"
    tslib "^2.1.0"

"@material/snackbar@15.0.0-canary.90291f2e2.0":
  version "15.0.0-canary.90291f2e2.0"
  resolved "https://registry.yarnpkg.com/@material/snackbar/-/snackbar-15.0.0-canary.90291f2e2.0.tgz#7dab34a7c55836a08d002d6508d14ceb354a3957"
  integrity sha512-f1+HaSaAkALtQqEr6WMUqfwOsJr5nOUjP15GA+sTs9SD7yzwqMeWsVriBdWXVRe0zNgew6sfBM+cLjg2w4VAOQ==
  dependencies:
    "@material/animation" "15.0.0-canary.90291f2e2.0"
    "@material/base" "15.0.0-canary.90291f2e2.0"
    "@material/button" "15.0.0-canary.90291f2e2.0"
    "@material/dom" "15.0.0-canary.90291f2e2.0"
    "@material/elevation" "15.0.0-canary.90291f2e2.0"
    "@material/feature-targeting" "15.0.0-canary.90291f2e2.0"
    "@material/icon-button" "15.0.0-canary.90291f2e2.0"
    "@material/ripple" "15.0.0-canary.90291f2e2.0"
    "@material/rtl" "15.0.0-canary.90291f2e2.0"
    "@material/shape" "15.0.0-canary.90291f2e2.0"
    "@material/theme" "15.0.0-canary.90291f2e2.0"
    "@material/tokens" "15.0.0-canary.90291f2e2.0"
    "@material/typography" "15.0.0-canary.90291f2e2.0"
    tslib "^2.1.0"

"@material/switch@15.0.0-canary.90291f2e2.0":
  version "15.0.0-canary.90291f2e2.0"
  resolved "https://registry.yarnpkg.com/@material/switch/-/switch-15.0.0-canary.90291f2e2.0.tgz#d40de66a440a125426fdc6cd62d5639c33ab7685"
  integrity sha512-94/+Zp2VjlLVJXY7u8VHPcJMHPRVNAwHydiGrKvnJ+6LfbLxAcILNBP9RVKqqqOWQeDxB4ApUl+0TV2Lj6mOzA==
  dependencies:
    "@material/animation" "15.0.0-canary.90291f2e2.0"
    "@material/base" "15.0.0-canary.90291f2e2.0"
    "@material/density" "15.0.0-canary.90291f2e2.0"
    "@material/dom" "15.0.0-canary.90291f2e2.0"
    "@material/elevation" "15.0.0-canary.90291f2e2.0"
    "@material/feature-targeting" "15.0.0-canary.90291f2e2.0"
    "@material/focus-ring" "15.0.0-canary.90291f2e2.0"
    "@material/ripple" "15.0.0-canary.90291f2e2.0"
    "@material/rtl" "15.0.0-canary.90291f2e2.0"
    "@material/shape" "15.0.0-canary.90291f2e2.0"
    "@material/theme" "15.0.0-canary.90291f2e2.0"
    "@material/tokens" "15.0.0-canary.90291f2e2.0"
    safevalues "^0.3.4"
    tslib "^2.1.0"

"@material/tab-bar@15.0.0-canary.90291f2e2.0":
  version "15.0.0-canary.90291f2e2.0"
  resolved "https://registry.yarnpkg.com/@material/tab-bar/-/tab-bar-15.0.0-canary.90291f2e2.0.tgz#7e4330d900eb999ac06cad9d6241b93edc56cdd3"
  integrity sha512-dTC7oGZg6KuDK2OXO7luJWqshtNY2YgImwZbQ9a1vZZrIGMRHdu+ZtP6RVH2srFVlNIWjzcxfLgNrG+U027RdA==
  dependencies:
    "@material/animation" "15.0.0-canary.90291f2e2.0"
    "@material/base" "15.0.0-canary.90291f2e2.0"
    "@material/density" "15.0.0-canary.90291f2e2.0"
    "@material/elevation" "15.0.0-canary.90291f2e2.0"
    "@material/feature-targeting" "15.0.0-canary.90291f2e2.0"
    "@material/tab" "15.0.0-canary.90291f2e2.0"
    "@material/tab-indicator" "15.0.0-canary.90291f2e2.0"
    "@material/tab-scroller" "15.0.0-canary.90291f2e2.0"
    "@material/theme" "15.0.0-canary.90291f2e2.0"
    "@material/tokens" "15.0.0-canary.90291f2e2.0"
    "@material/typography" "15.0.0-canary.90291f2e2.0"
    tslib "^2.1.0"

"@material/tab-indicator@15.0.0-canary.90291f2e2.0":
  version "15.0.0-canary.90291f2e2.0"
  resolved "https://registry.yarnpkg.com/@material/tab-indicator/-/tab-indicator-15.0.0-canary.90291f2e2.0.tgz#bef83866a3770e521d445c8881ec43a17b625744"
  integrity sha512-GXdFO6rO1crXcj+todijzZQVACW4EC72XwLAl6z69TKBgZrhwCoZ6RgzX6vIXSs+KoZ0eIyQLr+yQQx1JjDd4w==
  dependencies:
    "@material/animation" "15.0.0-canary.90291f2e2.0"
    "@material/base" "15.0.0-canary.90291f2e2.0"
    "@material/feature-targeting" "15.0.0-canary.90291f2e2.0"
    "@material/theme" "15.0.0-canary.90291f2e2.0"
    tslib "^2.1.0"

"@material/tab-scroller@15.0.0-canary.90291f2e2.0":
  version "15.0.0-canary.90291f2e2.0"
  resolved "https://registry.yarnpkg.com/@material/tab-scroller/-/tab-scroller-15.0.0-canary.90291f2e2.0.tgz#a88297306fd3d11d9aa970a076c9b980da5ed446"
  integrity sha512-R6trOZpkfk54VV0w0NjMMDcZPQgbnARxCoHLrWeSzv5KOMoiDyWji7FFpLc4fynX/F2lNg8xHpEolpugNRW/1g==
  dependencies:
    "@material/animation" "15.0.0-canary.90291f2e2.0"
    "@material/base" "15.0.0-canary.90291f2e2.0"
    "@material/dom" "15.0.0-canary.90291f2e2.0"
    "@material/feature-targeting" "15.0.0-canary.90291f2e2.0"
    "@material/tab" "15.0.0-canary.90291f2e2.0"
    tslib "^2.1.0"

"@material/tab@15.0.0-canary.90291f2e2.0":
  version "15.0.0-canary.90291f2e2.0"
  resolved "https://registry.yarnpkg.com/@material/tab/-/tab-15.0.0-canary.90291f2e2.0.tgz#458b0ccdcecf0eec1cf1d49b0b3f49ecf5979d5a"
  integrity sha512-zju6UP038Ddi3XAfliYy58A3OvkQ+zSlOdNOd5l82oMArLYEFi3t51QTjKVjV1wokr6ZQ3Chs4kcrgwVTElYtg==
  dependencies:
    "@material/base" "15.0.0-canary.90291f2e2.0"
    "@material/elevation" "15.0.0-canary.90291f2e2.0"
    "@material/feature-targeting" "15.0.0-canary.90291f2e2.0"
    "@material/focus-ring" "15.0.0-canary.90291f2e2.0"
    "@material/ripple" "15.0.0-canary.90291f2e2.0"
    "@material/rtl" "15.0.0-canary.90291f2e2.0"
    "@material/tab-indicator" "15.0.0-canary.90291f2e2.0"
    "@material/theme" "15.0.0-canary.90291f2e2.0"
    "@material/tokens" "15.0.0-canary.90291f2e2.0"
    "@material/typography" "15.0.0-canary.90291f2e2.0"
    tslib "^2.1.0"

"@material/textfield@15.0.0-canary.90291f2e2.0":
  version "15.0.0-canary.90291f2e2.0"
  resolved "https://registry.yarnpkg.com/@material/textfield/-/textfield-15.0.0-canary.90291f2e2.0.tgz#3b58c95c8131252d5f10fe9a554ad2b5e4d089fa"
  integrity sha512-ipxPH8DRh9+cn4MOtAYvGsRLP5RJH/gB/BWh/BiJwjI38Djt4FK4LDHbx7fFo/C8hoj7UNs/BWaSLllyxuWKcg==
  dependencies:
    "@material/animation" "15.0.0-canary.90291f2e2.0"
    "@material/base" "15.0.0-canary.90291f2e2.0"
    "@material/density" "15.0.0-canary.90291f2e2.0"
    "@material/dom" "15.0.0-canary.90291f2e2.0"
    "@material/feature-targeting" "15.0.0-canary.90291f2e2.0"
    "@material/floating-label" "15.0.0-canary.90291f2e2.0"
    "@material/line-ripple" "15.0.0-canary.90291f2e2.0"
    "@material/notched-outline" "15.0.0-canary.90291f2e2.0"
    "@material/ripple" "15.0.0-canary.90291f2e2.0"
    "@material/rtl" "15.0.0-canary.90291f2e2.0"
    "@material/shape" "15.0.0-canary.90291f2e2.0"
    "@material/theme" "15.0.0-canary.90291f2e2.0"
    "@material/tokens" "15.0.0-canary.90291f2e2.0"
    "@material/typography" "15.0.0-canary.90291f2e2.0"
    tslib "^2.1.0"

"@material/theme@15.0.0-canary.90291f2e2.0":
  version "15.0.0-canary.90291f2e2.0"
  resolved "https://registry.yarnpkg.com/@material/theme/-/theme-15.0.0-canary.90291f2e2.0.tgz#008128fee1c31929fc7723fb27a89e5fbc5cce24"
  integrity sha512-rDSZ0bPoJothI8nRPQWB4Cyu7DTmc8qIuvFm3OOD4uI/2n+yIFqktS6X+6YF82LeKt4uMTZE+Ce/l51bb8UJGA==
  dependencies:
    "@material/feature-targeting" "15.0.0-canary.90291f2e2.0"
    tslib "^2.1.0"

"@material/tokens@15.0.0-canary.90291f2e2.0":
  version "15.0.0-canary.90291f2e2.0"
  resolved "https://registry.yarnpkg.com/@material/tokens/-/tokens-15.0.0-canary.90291f2e2.0.tgz#b6a9f783aca3e7e597ef74b11f706bf35dc3ac1e"
  integrity sha512-ZTis8UeSRrm/4iQ6BujtcTf1J2bs2H+SAEnugtZSQiX8pyf90gQvylEoTuMPdUs1+YJ273cn04ipHdkq3OHaew==
  dependencies:
    "@material/elevation" "15.0.0-canary.90291f2e2.0"

"@material/tooltip@15.0.0-canary.90291f2e2.0":
  version "15.0.0-canary.90291f2e2.0"
  resolved "https://registry.yarnpkg.com/@material/tooltip/-/tooltip-15.0.0-canary.90291f2e2.0.tgz#ae0263419daf18b5a4e1f108046c91335c6ae746"
  integrity sha512-H3XsrctgRriNwt++NN+Zy6/JhyRznWo2pXiTFnOlaYwHOiGIFCNZR0A/0vf/3Kpf0GYhTfkJEFJMosUSZidSDg==
  dependencies:
    "@material/animation" "15.0.0-canary.90291f2e2.0"
    "@material/base" "15.0.0-canary.90291f2e2.0"
    "@material/button" "15.0.0-canary.90291f2e2.0"
    "@material/dom" "15.0.0-canary.90291f2e2.0"
    "@material/elevation" "15.0.0-canary.90291f2e2.0"
    "@material/feature-targeting" "15.0.0-canary.90291f2e2.0"
    "@material/rtl" "15.0.0-canary.90291f2e2.0"
    "@material/shape" "15.0.0-canary.90291f2e2.0"
    "@material/theme" "15.0.0-canary.90291f2e2.0"
    "@material/tokens" "15.0.0-canary.90291f2e2.0"
    "@material/typography" "15.0.0-canary.90291f2e2.0"
    safevalues "^0.3.4"
    tslib "^2.1.0"

"@material/top-app-bar@15.0.0-canary.90291f2e2.0":
  version "15.0.0-canary.90291f2e2.0"
  resolved "https://registry.yarnpkg.com/@material/top-app-bar/-/top-app-bar-15.0.0-canary.90291f2e2.0.tgz#9695ce75ab589c3741b3fbcd8dbfe25c10d7c8f1"
  integrity sha512-ZiJjK4WpIsE0MZTWokP9r4C9/oDqzUhKRn3ef2WCeJEIU3Vjg4t0xBTnST2vIrcBGw1s7WP1gfaxb3DSXSxzpw==
  dependencies:
    "@material/animation" "15.0.0-canary.90291f2e2.0"
    "@material/base" "15.0.0-canary.90291f2e2.0"
    "@material/elevation" "15.0.0-canary.90291f2e2.0"
    "@material/ripple" "15.0.0-canary.90291f2e2.0"
    "@material/rtl" "15.0.0-canary.90291f2e2.0"
    "@material/shape" "15.0.0-canary.90291f2e2.0"
    "@material/theme" "15.0.0-canary.90291f2e2.0"
    "@material/typography" "15.0.0-canary.90291f2e2.0"
    tslib "^2.1.0"

"@material/touch-target@15.0.0-canary.90291f2e2.0":
  version "15.0.0-canary.90291f2e2.0"
  resolved "https://registry.yarnpkg.com/@material/touch-target/-/touch-target-15.0.0-canary.90291f2e2.0.tgz#bc3ea054512c46defe30b0866677a46452522bd7"
  integrity sha512-IpRFf4umZ4ZNxrP+qJkRY9syh7TFZmU4c7EbAlANAJ0/8rlkEo7WJiqa9P1p4nFaT4eMo4n5g+qRI0Dkb9zW5g==
  dependencies:
    "@material/base" "15.0.0-canary.90291f2e2.0"
    "@material/feature-targeting" "15.0.0-canary.90291f2e2.0"
    "@material/rtl" "15.0.0-canary.90291f2e2.0"
    "@material/theme" "15.0.0-canary.90291f2e2.0"
    tslib "^2.1.0"

"@material/typography@15.0.0-canary.90291f2e2.0":
  version "15.0.0-canary.90291f2e2.0"
  resolved "https://registry.yarnpkg.com/@material/typography/-/typography-15.0.0-canary.90291f2e2.0.tgz#75009a06b90ca8c15ade21b8f4dfcbcd27c1cc31"
  integrity sha512-tv1HWkJYi5T0470k8vbBb+nefdPgsaIO04ocWMf7luvmfE+MZIaR13RxdupLJ4k5otrdydL3/wEaCNhQ+Ipnvw==
  dependencies:
    "@material/feature-targeting" "15.0.0-canary.90291f2e2.0"
    "@material/theme" "15.0.0-canary.90291f2e2.0"
    tslib "^2.1.0"

entities@^4.4.0:
  version "4.5.0"
  resolved "https://registry.yarnpkg.com/entities/-/entities-4.5.0.tgz#5d268ea5e7113ec74c4d033b79ea5a35a488fb48"
  integrity sha512-V0hjH4dGPh9Ao5p0MoRY6BVqtwCjhz6vI5LT8AJ55H+4g9/4vbHx1I54fS0XuclLhDHArPQCiMjDxjaL8fPxhw==

parse5@^7.1.2:
  version "7.1.2"
  resolved "https://registry.yarnpkg.com/parse5/-/parse5-7.1.2.tgz#0736bebbfd77793823240a23b7fc5e010b7f8e32"
  integrity sha512-Czj1WaSVpaoj0wbhMzLmWD69anp2WH7FXMB9n1Sy8/ZFF9jolSQVMu1Ij5WIyGmcBmhk7EOndpO4mIpihVqAXw==
  dependencies:
    entities "^4.4.0"

safevalues@^0.3.4:
  version "0.3.4"
  resolved "https://registry.yarnpkg.com/safevalues/-/safevalues-0.3.4.tgz#82e846a02b6956d7d40bf9f41e92e13fce0186db"
  integrity sha512-LRneZZRXNgjzwG4bDQdOTSbze3fHm1EAKN/8bePxnlEZiBmkYEDggaHbuvHI9/hoqHbGfsEA7tWS9GhYHZBBsw==

tslib@^2.1.0, tslib@^2.3.0:
  version "2.5.3"
  resolved "https://registry.yarnpkg.com/tslib/-/tslib-2.5.3.tgz#24944ba2d990940e6e982c4bea147aba80209913"
  integrity sha512-mSxlJJwl3BMEQCUNnxXBU9jP4JBktcEGhURcPR6VQVlnP0FdDEsIaz0C35dXNGLyRfrATNofF0F5p2KPxQgB+w==
